// !$*UTF8*$!
{
	archiveVersion = 1;
	classes = {
	};
	objectVersion = 50;
	objects = {

/* Begin PBXBuildFile section */
		79B87D6522C42FFB002DE03C /* AppDelegate.swift in Sources */ = {isa = PBXBuildFile; fileRef = 79B87D6422C42FFB002DE03C /* AppDelegate.swift */; };
		79B87D6722C42FFB002DE03C /* ViewController.swift in Sources */ = {isa = PBXBuildFile; fileRef = 79B87D6622C42FFB002DE03C /* ViewController.swift */; };
		79B87D6A22C42FFB002DE03C /* Main.storyboard in Resources */ = {isa = PBXBuildFile; fileRef = 79B87D6822C42FFB002DE03C /* Main.storyboard */; };
		79B87D6D22C42FFB002DE03C /* healthapp.xcdatamodeld in Sources */ = {isa = PBXBuildFile; fileRef = 79B87D6B22C42FFB002DE03C /* healthapp.xcdatamodeld */; };
		79B87D6F22C42FFC002DE03C /* Assets.xcassets in Resources */ = {isa = PBXBuildFile; fileRef = 79B87D6E22C42FFC002DE03C /* Assets.xcassets */; };
		79B87D7222C42FFC002DE03C /* LaunchScreen.storyboard in Resources */ = {isa = PBXBuildFile; fileRef = 79B87D7022C42FFC002DE03C /* LaunchScreen.storyboard */; };
/* End PBXBuildFile section */

/* Begin PBXFileReference section */
		79B87D6122C42FFB002DE03C /* healthapp.app */ = {isa = PBXFileReference; explicitFileType = wrapper.application; includeInIndex = 0; path = healthapp.app; sourceTree = BUILT_PRODUCTS_DIR; };
		79B87D6422C42FFB002DE03C /* AppDelegate.swift */ = {isa = PBXFileReference; lastKnownFileType = sourcecode.swift; path = AppDelegate.swift; sourceTree = "<group>"; };
		79B87D6622C42FFB002DE03C /* ViewController.swift */ = {isa = PBXFileReference; lastKnownFileType = sourcecode.swift; path = ViewController.swift; sourceTree = "<group>"; };
		79B87D6922C42FFB002DE03C /* Base */ = {isa = PBXFileReference; lastKnownFileType = file.storyboard; name = Base; path = Base.lproj/Main.storyboard; sourceTree = "<group>"; };
		79B87D6C22C42FFB002DE03C /* healthapp.xcdatamodel */ = {isa = PBXFileReference; lastKnownFileType = wrapper.xcdatamodel; path = healthapp.xcdatamodel; sourceTree = "<group>"; };
		79B87D6E22C42FFC002DE03C /* Assets.xcassets */ = {isa = PBXFileReference; lastKnownFileType = folder.assetcatalog; path = Assets.xcassets; sourceTree = "<group>"; };
		79B87D7122C42FFC002DE03C /* Base */ = {isa = PBXFileReference; lastKnownFileType = file.storyboard; name = Base; path = Base.lproj/LaunchScreen.storyboard; sourceTree = "<group>"; };
		79B87D7322C42FFC002DE03C /* Info.plist */ = {isa = PBXFileReference; lastKnownFileType = text.plist.xml; path = Info.plist; sourceTree = "<group>"; };
/* End PBXFileReference section */

/* Begin PBXFrameworksBuildPhase section */
		79B87D5E22C42FFB002DE03C /* Frameworks */ = {
			isa = PBXFrameworksBuildPhase;
			buildActionMask = 2147483647;
			files = (
			);
			runOnlyForDeploymentPostprocessing = 0;
		};
/* End PBXFrameworksBuildPhase section */

/* Begin PBXGroup section */
		79B87D5822C42FFB002DE03C = {
			isa = PBXGroup;
			children = (
				79B87D6322C42FFB002DE03C /* healthapp */,
				79B87D6222C42FFB002DE03C /* Products */,
			);
			sourceTree = "<group>";
		};
		79B87D6222C42FFB002DE03C /* Products */ = {
			isa = PBXGroup;
			children = (
				79B87D6122C42FFB002DE03C /* healthapp.app */,
			);
			name = Products;
			sourceTree = "<group>";
		};
		79B87D6322C42FFB002DE03C /* healthapp */ = {
			isa = PBXGroup;
			children = (
				79B87D6422C42FFB002DE03C /* AppDelegate.swift */,
				79B87D6622C42FFB002DE03C /* ViewController.swift */,
				79B87D6822C42FFB002DE03C /* Main.storyboard */,
				79B87D6E22C42FFC002DE03C /* Assets.xcassets */,
				79B87D7022C42FFC002DE03C /* LaunchScreen.storyboard */,
				79B87D7322C42FFC002DE03C /* Info.plist */,
				79B87D6B22C42FFB002DE03C /* healthapp.xcdatamodeld */,
			);
			path = healthapp;
			sourceTree = "<group>";
		};
/* End PBXGroup section */

/* Begin PBXNativeTarget section */
		79B87D6022C42FFB002DE03C /* healthapp */ = {
			isa = PBXNativeTarget;
			buildConfigurationList = 79B87D7622C42FFC002DE03C /* Build configuration list for PBXNativeTarget "healthapp" */;
			buildPhases = (
				79B87D5D22C42FFB002DE03C /* Sources */,
				79B87D5E22C42FFB002DE03C /* Frameworks */,
				79B87D5F22C42FFB002DE03C /* Resources */,
			);
			buildRules = (
			);
			dependencies = (
			);
			name = healthapp;
			productName = healthapp;
			productReference = 79B87D6122C42FFB002DE03C /* healthapp.app */;
			productType = "com.apple.product-type.application";
		};
/* End PBXNativeTarget section */

/* Begin PBXProject section */
		79B87D5922C42FFB002DE03C /* Project object */ = {
			isa = PBXProject;
			attributes = {
				LastSwiftUpdateCheck = 1020;
				LastUpgradeCheck = 1020;
				ORGANIZATIONNAME = "Wolfgang Walder";
				TargetAttributes = {
					79B87D6022C42FFB002DE03C = {
						CreatedOnToolsVersion = 10.2.1;
					};
				};
			};
			buildConfigurationList = 79B87D5C22C42FFB002DE03C /* Build configuration list for PBXProject "healthapp" */;
			compatibilityVersion = "Xcode 9.3";
			developmentRegion = en;
			hasScannedForEncodings = 0;
			knownRegions = (
				en,
				Base,
			);
			mainGroup = 79B87D5822C42FFB002DE03C;
			productRefGroup = 79B87D6222C42FFB002DE03C /* Products */;
			projectDirPath = "";
			projectRoot = "";
			targets = (
				79B87D6022C42FFB002DE03C /* healthapp */,
			);
		};
/* End PBXProject section */

/* Begin PBXResourcesBuildPhase section */
		79B87D5F22C42FFB002DE03C /* Resources */ = {
			isa = PBXResourcesBuildPhase;
			buildActionMask = 2147483647;
			files = (
				79B87D7222C42FFC002DE03C /* LaunchScreen.storyboard in Resources */,
				79B87D6F22C42FFC002DE03C /* Assets.xcassets in Resources */,
				79B87D6A22C42FFB002DE03C /* Main.storyboard in Resources */,
			);
			runOnlyForDeploymentPostprocessing = 0;
		};
/* End PBXResourcesBuildPhase section */

/* Begin PBXSourcesBuildPhase section */
		79B87D5D22C42FFB002DE03C /* Sources */ = {
			isa = PBXSourcesBuildPhase;
			buildActionMask = 2147483647;
			files = (
				79B87D6D22C42FFB002DE03C /* healthapp.xcdatamodeld in Sources */,
				79B87D6722C42FFB002DE03C /* ViewController.swift in Sources */,
				79B87D6522C42FFB002DE03C /* AppDelegate.swift in Sources */,
			);
			runOnlyForDeploymentPostprocessing = 0;
		};
/* End PBXSourcesBuildPhase section */

/* Begin PBXVariantGroup section */
		79B87D6822C42FFB002DE03C /* Main.storyboard */ = {
			isa = PBXVariantGroup;
			children = (
				79B87D6922C42FFB002DE03C /* Base */,
			);
			name = Main.storyboard;
			sourceTree = "<group>";
		};
		79B87D7022C42FFC002DE03C /* LaunchScreen.storyboard */ = {
			isa = PBXVariantGroup;
			children = (
				79B87D7122C42FFC002DE03C /* Base */,
			);
			name = LaunchScreen.storyboard;
			sourceTree = "<group>";
		};
/* End PBXVariantGroup section */

/* Begin XCBuildConfiguration section */
		79B87D7422C42FFC002DE03C /* Debug */ = {
			isa = XCBuildConfiguration;
			buildSettings = {
				ALWAYS_SEARCH_USER_PATHS = NO;
				CLANG_ANALYZER_NONNULL = YES;
				CLANG_ANALYZER_NUMBER_OBJECT_CONVERSION = YES_AGGRESSIVE;
				CLANG_CXX_LANGUAGE_STANDARD = "gnu++14";
				CLANG_CXX_LIBRARY = "libc++";
				CLANG_ENABLE_MODULES = YES;
				CLANG_ENABLE_OBJC_ARC = YES;
				CLANG_ENABLE_OBJC_WEAK = YES;
				CLANG_WARN_BLOCK_CAPTURE_AUTORELEASING = YES;
				CLANG_WARN_BOOL_CONVERSION = YES;
				CLANG_WARN_COMMA = YES;
				CLANG_WARN_CONSTANT_CONVERSION = YES;
				CLANG_WARN_DEPRECATED_OBJC_IMPLEMENTATIONS = YES;
				CLANG_WARN_DIRECT_OBJC_ISA_USAGE = YES_ERROR;
				CLANG_WARN_DOCUMENTATION_COMMENTS = YES;
				CLANG_WARN_EMPTY_BODY = YES;
				CLANG_WARN_ENUM_CONVERSION = YES;
				CLANG_WARN_INFINITE_RECURSION = YES;
				CLANG_WARN_INT_CONVERSION = YES;
				CLANG_WARN_NON_LITERAL_NULL_CONVERSION = YES;
				CLANG_WARN_OBJC_IMPLICIT_RETAIN_SELF = YES;
				CLANG_WARN_OBJC_LITERAL_CONVERSION = YES;
				CLANG_WARN_OBJC_ROOT_CLASS = YES_ERROR;
				CLANG_WARN_RANGE_LOOP_ANALYSIS = YES;
				CLANG_WARN_STRICT_PROTOTYPES = YES;
				CLANG_WARN_SUSPICIOUS_MOVE = YES;
				CLANG_WARN_UNGUARDED_AVAILABILITY = YES_AGGRESSIVE;
				CLANG_WARN_UNREACHABLE_CODE = YES;
				CLANG_WARN__DUPLICATE_METHOD_MATCH = YES;
				CODE_SIGN_IDENTITY = "iPhone Developer";
				COPY_PHASE_STRIP = NO;
				DEBUG_INFORMATION_FORMAT = dwarf;
				ENABLE_STRICT_OBJC_MSGSEND = YES;
				ENABLE_TESTABILITY = YES;
				GCC_C_LANGUAGE_STANDARD = gnu11;
				GCC_DYNAMIC_NO_PIC = NO;
				GCC_NO_COMMON_BLOCKS = YES;
				GCC_OPTIMIZATION_LEVEL = 0;
				GCC_PREPROCESSOR_DEFINITIONS = (
					"DEBUG=1",
					"$(inherited)",
				);
				GCC_WARN_64_TO_32_BIT_CONVERSION = YES;
				GCC_WARN_ABOUT_RETURN_TYPE = YES_ERROR;
				GCC_WARN_UNDECLARED_SELECTOR = YES;
				GCC_WARN_UNINITIALIZED_AUTOS = YES_AGGRESSIVE;
				GCC_WARN_UNUSED_FUNCTION = YES;
				GCC_WARN_UNUSED_VARIABLE = YES;
				IPHONEOS_DEPLOYMENT_TARGET = 12.2;
				MTL_ENABLE_DEBUG_INFO = INCLUDE_SOURCE;
				MTL_FAST_MATH = YES;
				ONLY_ACTIVE_ARCH = YES;
				SDKROOT = iphoneos;
				SWIFT_ACTIVE_COMPILATION_CONDITIONS = DEBUG;
				SWIFT_OPTIMIZATION_LEVEL = "-Onone";
			};
			name = Debug;
		};
		79B87D7522C42FFC002DE03C /* Release */ = {
			isa = XCBuildConfiguration;
			buildSettings = {
				ALWAYS_SEARCH_USER_PATHS = NO;
				CLANG_ANALYZER_NONNULL = YES;
				CLANG_ANALYZER_NUMBER_OBJECT_CONVERSION = YES_AGGRESSIVE;
				CLANG_CXX_LANGUAGE_STANDARD = "gnu++14";
				CLANG_CXX_LIBRARY = "libc++";
				CLANG_ENABLE_MODULES = YES;
				CLANG_ENABLE_OBJC_ARC = YES;
				CLANG_ENABLE_OBJC_WEAK = YES;
				CLANG_WARN_BLOCK_CAPTURE_AUTORELEASING = YES;
				CLANG_WARN_BOOL_CONVERSION = YES;
				CLANG_WARN_COMMA = YES;
				CLANG_WARN_CONSTANT_CONVERSION = YES;
				CLANG_WARN_DEPRECATED_OBJC_IMPLEMENTATIONS = YES;
				CLANG_WARN_DIRECT_OBJC_ISA_USAGE = YES_ERROR;
				CLANG_WARN_DOCUMENTATION_COMMENTS = YES;
				CLANG_WARN_EMPTY_BODY = YES;
				CLANG_WARN_ENUM_CONVERSION = YES;
				CLANG_WARN_INFINITE_RECURSION = YES;
				CLANG_WARN_INT_CONVERSION = YES;
				CLANG_WARN_NON_LITERAL_NULL_CONVERSION = YES;
				CLANG_WARN_OBJC_IMPLICIT_RETAIN_SELF = YES;
				CLANG_WARN_OBJC_LITERAL_CONVERSION = YES;
				CLANG_WARN_OBJC_ROOT_CLASS = YES_ERROR;
				CLANG_WARN_RANGE_LOOP_ANALYSIS = YES;
				CLANG_WARN_STRICT_PROTOTYPES = YES;
				CLANG_WARN_SUSPICIOUS_MOVE = YES;
				CLANG_WARN_UNGUARDED_AVAILABILITY = YES_AGGRESSIVE;
				CLANG_WARN_UNREACHABLE_CODE = YES;
				CLANG_WARN__DUPLICATE_METHOD_MATCH = YES;
				CODE_SIGN_IDENTITY = "iPhone Developer";
				COPY_PHASE_STRIP = NO;
				DEBUG_INFORMATION_FORMAT = "dwarf-with-dsym";
				ENABLE_NS_ASSERTIONS = NO;
				ENABLE_STRICT_OBJC_MSGSEND = YES;
				GCC_C_LANGUAGE_STANDARD = gnu11;
				GCC_NO_COMMON_BLOCKS = YES;
				GCC_WARN_64_TO_32_BIT_CONVERSION = YES;
				GCC_WARN_ABOUT_RETURN_TYPE = YES_ERROR;
				GCC_WARN_UNDECLARED_SELECTOR = YES;
				GCC_WARN_UNINITIALIZED_AUTOS = YES_AGGRESSIVE;
				GCC_WARN_UNUSED_FUNCTION = YES;
				GCC_WARN_UNUSED_VARIABLE = YES;
				IPHONEOS_DEPLOYMENT_TARGET = 12.2;
				MTL_ENABLE_DEBUG_INFO = NO;
				MTL_FAST_MATH = YES;
				SDKROOT = iphoneos;
				SWIFT_COMPILATION_MODE = wholemodule;
				SWIFT_OPTIMIZATION_LEVEL = "-O";
				VALIDATE_PRODUCT = YES;
			};
			name = Release;
		};
		79B87D7722C42FFC002DE03C /* Debug */ = {
			isa = XCBuildConfiguration;
			buildSettings = {
				ASSETCATALOG_COMPILER_APPICON_NAME = AppIcon;
				CODE_SIGN_STYLE = Automatic;
				DEVELOPMENT_TEAM = YYV8LRMG8S;
				INFOPLIST_FILE = healthapp/Info.plist;
				LD_RUNPATH_SEARCH_PATHS = (
					"$(inherited)",
					"@executable_path/Frameworks",
				);
				PRODUCT_BUNDLE_IDENTIFIER = wolfgangwalder.healthapp;
				PRODUCT_NAME = "$(TARGET_NAME)";
				SWIFT_VERSION = 5.0;
				TARGETED_DEVICE_FAMILY = "1,2";
			};
			name = Debug;
		};
		79B87D7822C42FFC002DE03C /* Release */ = {
			isa = XCBuildConfiguration;
			buildSettings = {
				ASSETCATALOG_COMPILER_APPICON_NAME = AppIcon;
				CODE_SIGN_STYLE = Automatic;
				DEVELOPMENT_TEAM = YYV8LRMG8S;
				INFOPLIST_FILE = healthapp/Info.plist;
				LD_RUNPATH_SEARCH_PATHS = (
					"$(inherited)",
					"@executable_path/Frameworks",
				);
				PRODUCT_BUNDLE_IDENTIFIER = wolfgangwalder.healthapp;
				PRODUCT_NAME = "$(TARGET_NAME)";
				SWIFT_VERSION = 5.0;
				TARGETED_DEVICE_FAMILY = "1,2";
			};
			name = Release;
		};
/* End XCBuildConfiguration section */

/* Begin XCConfigurationList section */
		79B87D5C22C42FFB002DE03C /* Build configuration list for PBXProject "healthapp" */ = {
			isa = XCConfigurationList;
			buildConfigurations = (
				79B87D7422C42FFC002DE03C /* Debug */,
				79B87D7522C42FFC002DE03C /* Release */,
			);
			defaultConfigurationIsVisible = 0;
			defaultConfigurationName = Release;
		};
		79B87D7622C42FFC002DE03C /* Build configuration list for PBXNativeTarget "healthapp" */ = {
			isa = XCConfigurationList;
			buildConfigurations = (
				79B87D7722C42FFC002DE03C /* Debug */,
				79B87D7822C42FFC002DE03C /* Release */,
			);
			defaultConfigurationIsVisible = 0;
			defaultConfigurationName = Release;
		};
/* End XCConfigurationList section */

/* Begin XCVersionGroup section */
		79B87D6B22C42FFB002DE03C /* healthapp.xcdatamodeld */ = {
			isa = XCVersionGroup;
			children = (
				79B87D6C22C42FFB002DE03C /* healthapp.xcdatamodel */,
			);
			currentVersion = 79B87D6C22C42FFB002DE03C /* healthapp.xcdatamodel */;
			path = healthapp.xcdatamodeld;
			sourceTree = "<group>";
			versionGroupType = wrapper.xcdatamodel;
		};
/* End XCVersionGroup section */
	};
	rootObject = 79B87D5922C42FFB002DE03C /* Project object */;
}
